
Microsoft Visual Studio Solution File, Format Version 12.00
# Visual Studio Version 17
VisualStudioVersion = 17.12.35506.116 d17.12
MinimumVisualStudioVersion = 10.0.40219.1
Project("{FAE04EC0-301F-11D3-BF4B-00C04F79EFBC}") = "TempleOfDoom.Runner", "TempleOfDoom.Runner\TempleOfDoom.Runner.csproj", "{6EF46D63-05BC-4000-A8CC-01A81B6AFAFF}"
EndProject
Project("{FAE04EC0-301F-11D3-BF4B-00C04F79EFBC}") = "TempleOfDoom.UI", "TempleOfDoom.UI\TempleOfDoom.UI.csproj", "{7B4EEE46-2146-4B7A-98DC-D70273570EB1}"
EndProject
Project("{FAE04EC0-301F-11D3-BF4B-00C04F79EFBC}") = "TempleOfDoom.GameLogic", "TempleOfDoom.GameLogic\TempleOfDoom.GameLogic.csproj", "{12AE3175-1CE2-4DD8-9EA6-F24F88F5A103}"
EndProject
Project("{FAE04EC0-301F-11D3-BF4B-00C04F79EFBC}") = "TempleOfDoom.JsonLevelReader", "TempleOfDoom.JsonLevelReader\TempleOfDoom.JsonLevelReader.csproj", "{23A75E81-F14F-4FC4-985A-885533C4DF67}"
EndProject
Global
	GlobalSection(SolutionConfigurationPlatforms) = preSolution
		Debug|Any CPU = Debug|Any CPU
		Release|Any CPU = Release|Any CPU
	EndGlobalSection
	GlobalSection(ProjectConfigurationPlatforms) = postSolution
		{6EF46D63-05BC-4000-A8CC-01A81B6AFAFF}.Debug|Any CPU.ActiveCfg = Debug|Any CPU
		{6EF46D63-05BC-4000-A8CC-01A81B6AFAFF}.Debug|Any CPU.Build.0 = Debug|Any CPU
		{6EF46D63-05BC-4000-A8CC-01A81B6AFAFF}.Release|Any CPU.ActiveCfg = Release|Any CPU
		{6EF46D63-05BC-4000-A8CC-01A81B6AFAFF}.Release|Any CPU.Build.0 = Release|Any CPU
		{7B4EEE46-2146-4B7A-98DC-D70273570EB1}.Debug|Any CPU.ActiveCfg = Debug|Any CPU
		{7B4EEE46-2146-4B7A-98DC-D70273570EB1}.Debug|Any CPU.Build.0 = Debug|Any CPU
		{7B4EEE46-2146-4B7A-98DC-D70273570EB1}.Release|Any CPU.ActiveCfg = Release|Any CPU
		{7B4EEE46-2146-4B7A-98DC-D70273570EB1}.Release|Any CPU.Build.0 = Release|Any CPU
		{12AE3175-1CE2-4DD8-9EA6-F24F88F5A103}.Debug|Any CPU.ActiveCfg = Debug|Any CPU
		{12AE3175-1CE2-4DD8-9EA6-F24F88F5A103}.Debug|Any CPU.Build.0 = Debug|Any CPU
		{12AE3175-1CE2-4DD8-9EA6-F24F88F5A103}.Release|Any CPU.ActiveCfg = Release|Any CPU
		{12AE3175-1CE2-4DD8-9EA6-F24F88F5A103}.Release|Any CPU.Build.0 = Release|Any CPU
		{23A75E81-F14F-4FC4-985A-885533C4DF67}.Debug|Any CPU.ActiveCfg = Debug|Any CPU
		{23A75E81-F14F-4FC4-985A-885533C4DF67}.Debug|Any CPU.Build.0 = Debug|Any CPU
		{23A75E81-F14F-4FC4-985A-885533C4DF67}.Release|Any CPU.ActiveCfg = Release|Any CPU
		{23A75E81-F14F-4FC4-985A-885533C4DF67}.Release|Any CPU.Build.0 = Release|Any CPU
	EndGlobalSection
	GlobalSection(SolutionProperties) = preSolution
		HideSolutionNode = FALSE
	EndGlobalSection
EndGlobal
